
Microsoft Visual Studio Solution File, Format Version 12.00
# Visual Studio 14
VisualStudioVersion = 14.0.23107.0
MinimumVisualStudioVersion = 10.0.40219.1
Project("{FAE04EC0-301F-11D3-BF4B-00C04F79EFBC}") = "DAL", "DAL\DAL.csproj", "{354730D2-B7B8-482A-86B2-9B44F5F2A293}"
EndProject
Project("{FAE04EC0-301F-11D3-BF4B-00C04F79EFBC}") = "GUI", "GUI\GUI.csproj", "{AF7AAAE7-C8E3-4B5B-ACD4-6325A994D1ED}"
EndProject
Project("{FAE04EC0-301F-11D3-BF4B-00C04F79EFBC}") = "Test", "Test\Test.csproj", "{327792A1-FECE-4F98-9E97-F13600427247}"
EndProject
Global
	GlobalSection(SolutionConfigurationPlatforms) = preSolution
		Debug|Any CPU = Debug|Any CPU
		Release|Any CPU = Release|Any CPU
	EndGlobalSection
	GlobalSection(ProjectConfigurationPlatforms) = postSolution
		{354730D2-B7B8-482A-86B2-9B44F5F2A293}.Debug|Any CPU.ActiveCfg = Debug|Any CPU
		{354730D2-B7B8-482A-86B2-9B44F5F2A293}.Debug|Any CPU.Build.0 = Debug|Any CPU
		{354730D2-B7B8-482A-86B2-9B44F5F2A293}.Release|Any CPU.ActiveCfg = Release|Any CPU
		{354730D2-B7B8-482A-86B2-9B44F5F2A293}.Release|Any CPU.Build.0 = Release|Any CPU
		{AF7AAAE7-C8E3-4B5B-ACD4-6325A994D1ED}.Debug|Any CPU.ActiveCfg = Debug|Any CPU
		{AF7AAAE7-C8E3-4B5B-ACD4-6325A994D1ED}.Debug|Any CPU.Build.0 = Debug|Any CPU
		{AF7AAAE7-C8E3-4B5B-ACD4-6325A994D1ED}.Release|Any CPU.ActiveCfg = Release|Any CPU
		{AF7AAAE7-C8E3-4B5B-ACD4-6325A994D1ED}.Release|Any CPU.Build.0 = Release|Any CPU
		{327792A1-FECE-4F98-9E97-F13600427247}.Debug|Any CPU.ActiveCfg = Debug|Any CPU
		{327792A1-FECE-4F98-9E97-F13600427247}.Debug|Any CPU.Build.0 = Debug|Any CPU
		{327792A1-FECE-4F98-9E97-F13600427247}.Release|Any CPU.ActiveCfg = Release|Any CPU
		{327792A1-FECE-4F98-9E97-F13600427247}.Release|Any CPU.Build.0 = Release|Any CPU
	EndGlobalSection
	GlobalSection(SolutionProperties) = preSolution
		HideSolutionNode = FALSE
	EndGlobalSection
EndGlobal
